
Microsoft Visual Studio Solution File, Format Version 12.00
# Visual Studio Version 17
VisualStudioVersion = 17.7.34003.232
MinimumVisualStudioVersion = 10.0.40219.1
Project("{FAE04EC0-301F-11D3-BF4B-00C04F79EFBC}") = "deneme_bigsister_1", "deneme_bigsister_1\deneme_bigsister_1.csproj", "{9B84DFD4-9466-4859-824F-DF74C2A10B2B}"
EndProject
Global
	GlobalSection(SolutionConfigurationPlatforms) = preSolution
		Debug|Any CPU = Debug|Any CPU
		Release|Any CPU = Release|Any CPU
	EndGlobalSection
	GlobalSection(ProjectConfigurationPlatforms) = postSolution
		{9B84DFD4-9466-4859-824F-DF74C2A10B2B}.Debug|Any CPU.ActiveCfg = Debug|Any CPU
		{9B84DFD4-9466-4859-824F-DF74C2A10B2B}.Debug|Any CPU.Build.0 = Debug|Any CPU
		{9B84DFD4-9466-4859-824F-DF74C2A10B2B}.Release|Any CPU.ActiveCfg = Release|Any CPU
		{9B84DFD4-9466-4859-824F-DF74C2A10B2B}.Release|Any CPU.Build.0 = Release|Any CPU
	EndGlobalSection
	GlobalSection(SolutionProperties) = preSolution
		HideSolutionNode = FALSE
	EndGlobalSection
	GlobalSection(ExtensibilityGlobals) = postSolution
		SolutionGuid = {C6989745-27B4-4343-8232-57F71FA02DA6}
	EndGlobalSection
EndGlobal
